// !$*UTF8*$!
{
	archiveVersion = 1;
	classes = {
	};
	objectVersion = 55;
	objects = {

/* Begin PBXBuildFile section */
		833C1B2D27391D3F00C39BF1 /* Bomb.swift in Sources */ = {isa = PBXBuildFile; fileRef = 833C1B2C27391D3F00C39BF1 /* Bomb.swift */; };
		833C1B3127392B8700C39BF1 /* Box.swift in Sources */ = {isa = PBXBuildFile; fileRef = 833C1B3027392B8700C39BF1 /* Box.swift */; };
		834BD3E62726F2F100DBF80A /* Bow.swift in Sources */ = {isa = PBXBuildFile; fileRef = 834BD3E52726F2F100DBF80A /* Bow.swift */; };
		834BD3E82726F4EE00DBF80A /* Gun.swift in Sources */ = {isa = PBXBuildFile; fileRef = 834BD3E72726F4EE00DBF80A /* Gun.swift */; };
		834BD3EC2726F51F00DBF80A /* Sword.swift in Sources */ = {isa = PBXBuildFile; fileRef = 834BD3EB2726F51F00DBF80A /* Sword.swift */; };
		834BD3F02726F5AB00DBF80A /* Eddy.swift in Sources */ = {isa = PBXBuildFile; fileRef = 834BD3EF2726F5AB00DBF80A /* Eddy.swift */; };
		834BD3F22726F67600DBF80A /* Carol.swift in Sources */ = {isa = PBXBuildFile; fileRef = 834BD3F12726F67600DBF80A /* Carol.swift */; };
		834BD3F42726F69D00DBF80A /* Fred.swift in Sources */ = {isa = PBXBuildFile; fileRef = 834BD3F32726F69D00DBF80A /* Fred.swift */; };
		834BD3F62726F7E000DBF80A /* Celine.swift in Sources */ = {isa = PBXBuildFile; fileRef = 834BD3F52726F7E000DBF80A /* Celine.swift */; };
		834BD3F82726F7FE00DBF80A /* Boris.swift in Sources */ = {isa = PBXBuildFile; fileRef = 834BD3F72726F7FE00DBF80A /* Boris.swift */; };
		834BD3FA2726F81200DBF80A /* Chris.swift in Sources */ = {isa = PBXBuildFile; fileRef = 834BD3F92726F81200DBF80A /* Chris.swift */; };
		834BD3FC2726F82800DBF80A /* Bob.swift in Sources */ = {isa = PBXBuildFile; fileRef = 834BD3FB2726F82800DBF80A /* Bob.swift */; };
		834BD3FE2726F83D00DBF80A /* Terry.swift in Sources */ = {isa = PBXBuildFile; fileRef = 834BD3FD2726F83D00DBF80A /* Terry.swift */; };
		834BD4002726F85100DBF80A /* Eva.swift in Sources */ = {isa = PBXBuildFile; fileRef = 834BD3FF2726F85100DBF80A /* Eva.swift */; };
		8363347D27144DBD00C9BBCE /* main.swift in Sources */ = {isa = PBXBuildFile; fileRef = 8363347C27144DBD00C9BBCE /* main.swift */; };
		8363348427144DD600C9BBCE /* Character.swift in Sources */ = {isa = PBXBuildFile; fileRef = 8363348327144DD600C9BBCE /* Character.swift */; };
		8363348627144DDE00C9BBCE /* Game.swift in Sources */ = {isa = PBXBuildFile; fileRef = 8363348527144DDE00C9BBCE /* Game.swift */; };
		8363348827144DEA00C9BBCE /* Player.swift in Sources */ = {isa = PBXBuildFile; fileRef = 8363348727144DEA00C9BBCE /* Player.swift */; };
		83781EE12720441700744877 /* Weapon.swift in Sources */ = {isa = PBXBuildFile; fileRef = 83781EE02720441700744877 /* Weapon.swift */; };
/* End PBXBuildFile section */

/* Begin PBXCopyFilesBuildPhase section */
		8363347727144DBD00C9BBCE /* CopyFiles */ = {
			isa = PBXCopyFilesBuildPhase;
			buildActionMask = 2147483647;
			dstPath = /usr/share/man/man1/;
			dstSubfolderSpec = 0;
			files = (
			);
			runOnlyForDeploymentPostprocessing = 1;
		};
/* End PBXCopyFilesBuildPhase section */

/* Begin PBXFileReference section */
		833C1B2C27391D3F00C39BF1 /* Bomb.swift */ = {isa = PBXFileReference; lastKnownFileType = sourcecode.swift; path = Bomb.swift; sourceTree = "<group>"; };
		833C1B3027392B8700C39BF1 /* Box.swift */ = {isa = PBXFileReference; lastKnownFileType = sourcecode.swift; path = Box.swift; sourceTree = "<group>"; };
		834BD3E52726F2F100DBF80A /* Bow.swift */ = {isa = PBXFileReference; lastKnownFileType = sourcecode.swift; path = Bow.swift; sourceTree = "<group>"; };
		834BD3E72726F4EE00DBF80A /* Gun.swift */ = {isa = PBXFileReference; lastKnownFileType = sourcecode.swift; path = Gun.swift; sourceTree = "<group>"; };
		834BD3EB2726F51F00DBF80A /* Sword.swift */ = {isa = PBXFileReference; lastKnownFileType = sourcecode.swift; path = Sword.swift; sourceTree = "<group>"; };
		834BD3EF2726F5AB00DBF80A /* Eddy.swift */ = {isa = PBXFileReference; lastKnownFileType = sourcecode.swift; path = Eddy.swift; sourceTree = "<group>"; };
		834BD3F12726F67600DBF80A /* Carol.swift */ = {isa = PBXFileReference; lastKnownFileType = sourcecode.swift; path = Carol.swift; sourceTree = "<group>"; };
		834BD3F32726F69D00DBF80A /* Fred.swift */ = {isa = PBXFileReference; lastKnownFileType = sourcecode.swift; path = Fred.swift; sourceTree = "<group>"; };
		834BD3F52726F7E000DBF80A /* Celine.swift */ = {isa = PBXFileReference; lastKnownFileType = sourcecode.swift; path = Celine.swift; sourceTree = "<group>"; };
		834BD3F72726F7FE00DBF80A /* Boris.swift */ = {isa = PBXFileReference; lastKnownFileType = sourcecode.swift; path = Boris.swift; sourceTree = "<group>"; };
		834BD3F92726F81200DBF80A /* Chris.swift */ = {isa = PBXFileReference; lastKnownFileType = sourcecode.swift; path = Chris.swift; sourceTree = "<group>"; };
		834BD3FB2726F82800DBF80A /* Bob.swift */ = {isa = PBXFileReference; lastKnownFileType = sourcecode.swift; path = Bob.swift; sourceTree = "<group>"; };
		834BD3FD2726F83D00DBF80A /* Terry.swift */ = {isa = PBXFileReference; lastKnownFileType = sourcecode.swift; path = Terry.swift; sourceTree = "<group>"; };
		834BD3FF2726F85100DBF80A /* Eva.swift */ = {isa = PBXFileReference; lastKnownFileType = sourcecode.swift; path = Eva.swift; sourceTree = "<group>"; };
		8363347927144DBD00C9BBCE /* TermiFighter */ = {isa = PBXFileReference; explicitFileType = "compiled.mach-o.executable"; includeInIndex = 0; path = TermiFighter; sourceTree = BUILT_PRODUCTS_DIR; };
		8363347C27144DBD00C9BBCE /* main.swift */ = {isa = PBXFileReference; lastKnownFileType = sourcecode.swift; path = main.swift; sourceTree = "<group>"; };
		8363348327144DD600C9BBCE /* Character.swift */ = {isa = PBXFileReference; lastKnownFileType = sourcecode.swift; path = Character.swift; sourceTree = "<group>"; };
		8363348527144DDE00C9BBCE /* Game.swift */ = {isa = PBXFileReference; lastKnownFileType = sourcecode.swift; path = Game.swift; sourceTree = "<group>"; };
		8363348727144DEA00C9BBCE /* Player.swift */ = {isa = PBXFileReference; lastKnownFileType = sourcecode.swift; path = Player.swift; sourceTree = "<group>"; };
		83781EE02720441700744877 /* Weapon.swift */ = {isa = PBXFileReference; lastKnownFileType = sourcecode.swift; path = Weapon.swift; sourceTree = "<group>"; };
/* End PBXFileReference section */

/* Begin PBXFrameworksBuildPhase section */
		8363347627144DBD00C9BBCE /* Frameworks */ = {
			isa = PBXFrameworksBuildPhase;
			buildActionMask = 2147483647;
			files = (
			);
			runOnlyForDeploymentPostprocessing = 0;
		};
/* End PBXFrameworksBuildPhase section */

/* Begin PBXGroup section */
		834BD3ED2726F57900DBF80A /* The Weapons */ = {
			isa = PBXGroup;
			children = (
				83781EE02720441700744877 /* Weapon.swift */,
				833C1B3027392B8700C39BF1 /* Box.swift */,
				834BD3E52726F2F100DBF80A /* Bow.swift */,
				834BD3E72726F4EE00DBF80A /* Gun.swift */,
				833C1B2C27391D3F00C39BF1 /* Bomb.swift */,
				834BD3EB2726F51F00DBF80A /* Sword.swift */,
			);
			path = "The Weapons";
			sourceTree = "<group>";
		};
		834BD3EE2726F59000DBF80A /* The Characters */ = {
			isa = PBXGroup;
			children = (
				8363348327144DD600C9BBCE /* Character.swift */,
				834BD3EF2726F5AB00DBF80A /* Eddy.swift */,
				834BD3F12726F67600DBF80A /* Carol.swift */,
				834BD3F32726F69D00DBF80A /* Fred.swift */,
				834BD3F52726F7E000DBF80A /* Celine.swift */,
				834BD3F72726F7FE00DBF80A /* Boris.swift */,
				834BD3F92726F81200DBF80A /* Chris.swift */,
				834BD3FB2726F82800DBF80A /* Bob.swift */,
				834BD3FD2726F83D00DBF80A /* Terry.swift */,
				834BD3FF2726F85100DBF80A /* Eva.swift */,
			);
			path = "The Characters";
			sourceTree = "<group>";
		};
		8363347027144DBD00C9BBCE = {
			isa = PBXGroup;
			children = (
				834BD3EE2726F59000DBF80A /* The Characters */,
				834BD3ED2726F57900DBF80A /* The Weapons */,
				8363347B27144DBD00C9BBCE /* TermiFighter */,
				8363347A27144DBD00C9BBCE /* Products */,
			);
			sourceTree = "<group>";
		};
		8363347A27144DBD00C9BBCE /* Products */ = {
			isa = PBXGroup;
			children = (
				8363347927144DBD00C9BBCE /* TermiFighter */,
			);
			name = Products;
			sourceTree = "<group>";
		};
		8363347B27144DBD00C9BBCE /* TermiFighter */ = {
			isa = PBXGroup;
			children = (
				8363348727144DEA00C9BBCE /* Player.swift */,
				8363348527144DDE00C9BBCE /* Game.swift */,
				8363347C27144DBD00C9BBCE /* main.swift */,
			);
			path = TermiFighter;
			sourceTree = "<group>";
		};
/* End PBXGroup section */

/* Begin PBXNativeTarget section */
		8363347827144DBD00C9BBCE /* TermiFighter */ = {
			isa = PBXNativeTarget;
			buildConfigurationList = 8363348027144DBD00C9BBCE /* Build configuration list for PBXNativeTarget "TermiFighter" */;
			buildPhases = (
				8363347527144DBD00C9BBCE /* Sources */,
				8363347627144DBD00C9BBCE /* Frameworks */,
				8363347727144DBD00C9BBCE /* CopyFiles */,
			);
			buildRules = (
			);
			dependencies = (
			);
			name = TermiFighter;
			productName = TermiFighter;
			productReference = 8363347927144DBD00C9BBCE /* TermiFighter */;
			productType = "com.apple.product-type.tool";
		};
/* End PBXNativeTarget section */

/* Begin PBXProject section */
		8363347127144DBD00C9BBCE /* Project object */ = {
			isa = PBXProject;
			attributes = {
				BuildIndependentTargetsInParallel = 1;
				LastSwiftUpdateCheck = 1300;
				LastUpgradeCheck = 1300;
				TargetAttributes = {
					8363347827144DBD00C9BBCE = {
						CreatedOnToolsVersion = 13.0;
					};
				};
			};
			buildConfigurationList = 8363347427144DBD00C9BBCE /* Build configuration list for PBXProject "TermiFighter" */;
			compatibilityVersion = "Xcode 13.0";
			developmentRegion = en;
			hasScannedForEncodings = 0;
			knownRegions = (
				en,
				Base,
			);
			mainGroup = 8363347027144DBD00C9BBCE;
			productRefGroup = 8363347A27144DBD00C9BBCE /* Products */;
			projectDirPath = "";
			projectRoot = "";
			targets = (
				8363347827144DBD00C9BBCE /* TermiFighter */,
			);
		};
/* End PBXProject section */

/* Begin PBXSourcesBuildPhase section */
		8363347527144DBD00C9BBCE /* Sources */ = {
			isa = PBXSourcesBuildPhase;
			buildActionMask = 2147483647;
			files = (
				834BD3FE2726F83D00DBF80A /* Terry.swift in Sources */,
				834BD3E82726F4EE00DBF80A /* Gun.swift in Sources */,
				833C1B3127392B8700C39BF1 /* Box.swift in Sources */,
				834BD3F42726F69D00DBF80A /* Fred.swift in Sources */,
				834BD3E62726F2F100DBF80A /* Bow.swift in Sources */,
				834BD3F02726F5AB00DBF80A /* Eddy.swift in Sources */,
				8363348827144DEA00C9BBCE /* Player.swift in Sources */,
				8363347D27144DBD00C9BBCE /* main.swift in Sources */,
				834BD3FC2726F82800DBF80A /* Bob.swift in Sources */,
				834BD3F82726F7FE00DBF80A /* Boris.swift in Sources */,
				8363348627144DDE00C9BBCE /* Game.swift in Sources */,
				833C1B2D27391D3F00C39BF1 /* Bomb.swift in Sources */,
				834BD3F62726F7E000DBF80A /* Celine.swift in Sources */,
				834BD4002726F85100DBF80A /* Eva.swift in Sources */,
				8363348427144DD600C9BBCE /* Character.swift in Sources */,
				83781EE12720441700744877 /* Weapon.swift in Sources */,
				834BD3EC2726F51F00DBF80A /* Sword.swift in Sources */,
				834BD3F22726F67600DBF80A /* Carol.swift in Sources */,
				834BD3FA2726F81200DBF80A /* Chris.swift in Sources */,
			);
			runOnlyForDeploymentPostprocessing = 0;
		};
/* End PBXSourcesBuildPhase section */

/* Begin XCBuildConfiguration section */
		8363347E27144DBD00C9BBCE /* Debug */ = {
			isa = XCBuildConfiguration;
			buildSettings = {
				ALWAYS_SEARCH_USER_PATHS = NO;
				CLANG_ANALYZER_NONNULL = YES;
				CLANG_ANALYZER_NUMBER_OBJECT_CONVERSION = YES_AGGRESSIVE;
				CLANG_CXX_LANGUAGE_STANDARD = "gnu++17";
				CLANG_CXX_LIBRARY = "libc++";
				CLANG_ENABLE_MODULES = YES;
				CLANG_ENABLE_OBJC_ARC = YES;
				CLANG_ENABLE_OBJC_WEAK = YES;
				CLANG_WARN_BLOCK_CAPTURE_AUTORELEASING = YES;
				CLANG_WARN_BOOL_CONVERSION = YES;
				CLANG_WARN_COMMA = YES;
				CLANG_WARN_CONSTANT_CONVERSION = YES;
				CLANG_WARN_DEPRECATED_OBJC_IMPLEMENTATIONS = YES;
				CLANG_WARN_DIRECT_OBJC_ISA_USAGE = YES_ERROR;
				CLANG_WARN_DOCUMENTATION_COMMENTS = YES;
				CLANG_WARN_EMPTY_BODY = YES;
				CLANG_WARN_ENUM_CONVERSION = YES;
				CLANG_WARN_INFINITE_RECURSION = YES;
				CLANG_WARN_INT_CONVERSION = YES;
				CLANG_WARN_NON_LITERAL_NULL_CONVERSION = YES;
				CLANG_WARN_OBJC_IMPLICIT_RETAIN_SELF = YES;
				CLANG_WARN_OBJC_LITERAL_CONVERSION = YES;
				CLANG_WARN_OBJC_ROOT_CLASS = YES_ERROR;
				CLANG_WARN_QUOTED_INCLUDE_IN_FRAMEWORK_HEADER = YES;
				CLANG_WARN_RANGE_LOOP_ANALYSIS = YES;
				CLANG_WARN_STRICT_PROTOTYPES = YES;
				CLANG_WARN_SUSPICIOUS_MOVE = YES;
				CLANG_WARN_UNGUARDED_AVAILABILITY = YES_AGGRESSIVE;
				CLANG_WARN_UNREACHABLE_CODE = YES;
				CLANG_WARN__DUPLICATE_METHOD_MATCH = YES;
				COPY_PHASE_STRIP = NO;
				DEBUG_INFORMATION_FORMAT = dwarf;
				ENABLE_STRICT_OBJC_MSGSEND = YES;
				ENABLE_TESTABILITY = YES;
				GCC_C_LANGUAGE_STANDARD = gnu11;
				GCC_DYNAMIC_NO_PIC = NO;
				GCC_NO_COMMON_BLOCKS = YES;
				GCC_OPTIMIZATION_LEVEL = 0;
				GCC_PREPROCESSOR_DEFINITIONS = (
					"DEBUG=1",
					"$(inherited)",
				);
				GCC_WARN_64_TO_32_BIT_CONVERSION = YES;
				GCC_WARN_ABOUT_RETURN_TYPE = YES_ERROR;
				GCC_WARN_UNDECLARED_SELECTOR = YES;
				GCC_WARN_UNINITIALIZED_AUTOS = YES_AGGRESSIVE;
				GCC_WARN_UNUSED_FUNCTION = YES;
				GCC_WARN_UNUSED_VARIABLE = YES;
				MACOSX_DEPLOYMENT_TARGET = 11.3;
				MTL_ENABLE_DEBUG_INFO = INCLUDE_SOURCE;
				MTL_FAST_MATH = YES;
				ONLY_ACTIVE_ARCH = YES;
				SDKROOT = macosx;
				SWIFT_ACTIVE_COMPILATION_CONDITIONS = DEBUG;
				SWIFT_OPTIMIZATION_LEVEL = "-Onone";
			};
			name = Debug;
		};
		8363347F27144DBD00C9BBCE /* Release */ = {
			isa = XCBuildConfiguration;
			buildSettings = {
				ALWAYS_SEARCH_USER_PATHS = NO;
				CLANG_ANALYZER_NONNULL = YES;
				CLANG_ANALYZER_NUMBER_OBJECT_CONVERSION = YES_AGGRESSIVE;
				CLANG_CXX_LANGUAGE_STANDARD = "gnu++17";
				CLANG_CXX_LIBRARY = "libc++";
				CLANG_ENABLE_MODULES = YES;
				CLANG_ENABLE_OBJC_ARC = YES;
				CLANG_ENABLE_OBJC_WEAK = YES;
				CLANG_WARN_BLOCK_CAPTURE_AUTORELEASING = YES;
				CLANG_WARN_BOOL_CONVERSION = YES;
				CLANG_WARN_COMMA = YES;
				CLANG_WARN_CONSTANT_CONVERSION = YES;
				CLANG_WARN_DEPRECATED_OBJC_IMPLEMENTATIONS = YES;
				CLANG_WARN_DIRECT_OBJC_ISA_USAGE = YES_ERROR;
				CLANG_WARN_DOCUMENTATION_COMMENTS = YES;
				CLANG_WARN_EMPTY_BODY = YES;
				CLANG_WARN_ENUM_CONVERSION = YES;
				CLANG_WARN_INFINITE_RECURSION = YES;
				CLANG_WARN_INT_CONVERSION = YES;
				CLANG_WARN_NON_LITERAL_NULL_CONVERSION = YES;
				CLANG_WARN_OBJC_IMPLICIT_RETAIN_SELF = YES;
				CLANG_WARN_OBJC_LITERAL_CONVERSION = YES;
				CLANG_WARN_OBJC_ROOT_CLASS = YES_ERROR;
				CLANG_WARN_QUOTED_INCLUDE_IN_FRAMEWORK_HEADER = YES;
				CLANG_WARN_RANGE_LOOP_ANALYSIS = YES;
				CLANG_WARN_STRICT_PROTOTYPES = YES;
				CLANG_WARN_SUSPICIOUS_MOVE = YES;
				CLANG_WARN_UNGUARDED_AVAILABILITY = YES_AGGRESSIVE;
				CLANG_WARN_UNREACHABLE_CODE = YES;
				CLANG_WARN__DUPLICATE_METHOD_MATCH = YES;
				COPY_PHASE_STRIP = NO;
				DEBUG_INFORMATION_FORMAT = "dwarf-with-dsym";
				ENABLE_NS_ASSERTIONS = NO;
				ENABLE_STRICT_OBJC_MSGSEND = YES;
				GCC_C_LANGUAGE_STANDARD = gnu11;
				GCC_NO_COMMON_BLOCKS = YES;
				GCC_WARN_64_TO_32_BIT_CONVERSION = YES;
				GCC_WARN_ABOUT_RETURN_TYPE = YES_ERROR;
				GCC_WARN_UNDECLARED_SELECTOR = YES;
				GCC_WARN_UNINITIALIZED_AUTOS = YES_AGGRESSIVE;
				GCC_WARN_UNUSED_FUNCTION = YES;
				GCC_WARN_UNUSED_VARIABLE = YES;
				MACOSX_DEPLOYMENT_TARGET = 11.3;
				MTL_ENABLE_DEBUG_INFO = NO;
				MTL_FAST_MATH = YES;
				SDKROOT = macosx;
				SWIFT_COMPILATION_MODE = wholemodule;
				SWIFT_OPTIMIZATION_LEVEL = "-O";
			};
			name = Release;
		};
		8363348127144DBD00C9BBCE /* Debug */ = {
			isa = XCBuildConfiguration;
			buildSettings = {
				CODE_SIGN_STYLE = Automatic;
				PRODUCT_NAME = "$(TARGET_NAME)";
				SWIFT_VERSION = 5.0;
			};
			name = Debug;
		};
		8363348227144DBD00C9BBCE /* Release */ = {
			isa = XCBuildConfiguration;
			buildSettings = {
				CODE_SIGN_STYLE = Automatic;
				PRODUCT_NAME = "$(TARGET_NAME)";
				SWIFT_VERSION = 5.0;
			};
			name = Release;
		};
/* End XCBuildConfiguration section */

/* Begin XCConfigurationList section */
		8363347427144DBD00C9BBCE /* Build configuration list for PBXProject "TermiFighter" */ = {
			isa = XCConfigurationList;
			buildConfigurations = (
				8363347E27144DBD00C9BBCE /* Debug */,
				8363347F27144DBD00C9BBCE /* Release */,
			);
			defaultConfigurationIsVisible = 0;
			defaultConfigurationName = Release;
		};
		8363348027144DBD00C9BBCE /* Build configuration list for PBXNativeTarget "TermiFighter" */ = {
			isa = XCConfigurationList;
			buildConfigurations = (
				8363348127144DBD00C9BBCE /* Debug */,
				8363348227144DBD00C9BBCE /* Release */,
			);
			defaultConfigurationIsVisible = 0;
			defaultConfigurationName = Release;
		};
/* End XCConfigurationList section */
	};
	rootObject = 8363347127144DBD00C9BBCE /* Project object */;
}
